
Microsoft Visual Studio Solution File, Format Version 12.00
# Visual Studio Version 16
VisualStudioVersion = 16.0.31613.86
MinimumVisualStudioVersion = 10.0.40219.1
Project("{FAE04EC0-301F-11D3-BF4B-00C04F79EFBC}") = "FilesToFolder", "FilesToFolder\FilesToFolder.csproj", "{3D652602-53FD-4C03-906C-4919FBE37DDE}"
EndProject
Global
	GlobalSection(SolutionConfigurationPlatforms) = preSolution
		Debug|Any CPU = Debug|Any CPU
		Release|Any CPU = Release|Any CPU
	EndGlobalSection
	GlobalSection(ProjectConfigurationPlatforms) = postSolution
		{3D652602-53FD-4C03-906C-4919FBE37DDE}.Debug|Any CPU.ActiveCfg = Debug|Any CPU
		{3D652602-53FD-4C03-906C-4919FBE37DDE}.Debug|Any CPU.Build.0 = Debug|Any CPU
		{3D652602-53FD-4C03-906C-4919FBE37DDE}.Release|Any CPU.ActiveCfg = Release|Any CPU
		{3D652602-53FD-4C03-906C-4919FBE37DDE}.Release|Any CPU.Build.0 = Release|Any CPU
	EndGlobalSection
	GlobalSection(SolutionProperties) = preSolution
		HideSolutionNode = FALSE
	EndGlobalSection
	GlobalSection(ExtensibilityGlobals) = postSolution
		SolutionGuid = {1FC4C9E9-7FFD-49BE-8E05-6EF5A04E4B9C}
	EndGlobalSection
EndGlobal
